
Microsoft Visual Studio Solution File, Format Version 12.00
# Visual Studio Version 17
VisualStudioVersion = 17.6.33829.357
MinimumVisualStudioVersion = 10.0.40219.1
Project("{9A19103F-16F7-4668-BE54-9A1E7A4F7556}") = "ElectiTask2", "ElectiTask2\ElectiTask2.csproj", "{7A3F9D26-F71A-4C43-90E7-F3CF253D790B}"
EndProject
Project("{FAE04EC0-301F-11D3-BF4B-00C04F79EFBC}") = "ElectiTesting", "ElectiTesting\ElectiTesting.csproj", "{C444C4DE-5B3B-48C4-A700-E2C0B61A0827}"
EndProject
Global
	GlobalSection(SolutionConfigurationPlatforms) = preSolution
		Debug|Any CPU = Debug|Any CPU
		Release|Any CPU = Release|Any CPU
	EndGlobalSection
	GlobalSection(ProjectConfigurationPlatforms) = postSolution
		{7A3F9D26-F71A-4C43-90E7-F3CF253D790B}.Debug|Any CPU.ActiveCfg = Debug|Any CPU
		{7A3F9D26-F71A-4C43-90E7-F3CF253D790B}.Debug|Any CPU.Build.0 = Debug|Any CPU
		{7A3F9D26-F71A-4C43-90E7-F3CF253D790B}.Release|Any CPU.ActiveCfg = Release|Any CPU
		{7A3F9D26-F71A-4C43-90E7-F3CF253D790B}.Release|Any CPU.Build.0 = Release|Any CPU
		{C444C4DE-5B3B-48C4-A700-E2C0B61A0827}.Debug|Any CPU.ActiveCfg = Debug|Any CPU
		{C444C4DE-5B3B-48C4-A700-E2C0B61A0827}.Debug|Any CPU.Build.0 = Debug|Any CPU
		{C444C4DE-5B3B-48C4-A700-E2C0B61A0827}.Release|Any CPU.ActiveCfg = Release|Any CPU
		{C444C4DE-5B3B-48C4-A700-E2C0B61A0827}.Release|Any CPU.Build.0 = Release|Any CPU
	EndGlobalSection
	GlobalSection(SolutionProperties) = preSolution
		HideSolutionNode = FALSE
	EndGlobalSection
	GlobalSection(ExtensibilityGlobals) = postSolution
		SolutionGuid = {9E1F3AFF-F5F9-4CE1-8FFD-41C91619CB38}
	EndGlobalSection
EndGlobal
